// !$*UTF8*$!
{
	archiveVersion = 1;
	classes = {
	};
	objectVersion = 50;
	objects = {

/* Begin PBXBuildFile section */
		AB1715E8222DDD52004F4068 /* AppDelegate.swift in Sources */ = {isa = PBXBuildFile; fileRef = AB1715E7222DDD52004F4068 /* AppDelegate.swift */; };
		AB1715EA222DDD52004F4068 /* Document.swift in Sources */ = {isa = PBXBuildFile; fileRef = AB1715E9222DDD52004F4068 /* Document.swift */; };
		AB1715ED222DDD52004F4068 /* Document.xib in Resources */ = {isa = PBXBuildFile; fileRef = AB1715EB222DDD52004F4068 /* Document.xib */; };
		AB1715EF222DDD54004F4068 /* Assets.xcassets in Resources */ = {isa = PBXBuildFile; fileRef = AB1715EE222DDD54004F4068 /* Assets.xcassets */; };
		AB1715F2222DDD54004F4068 /* MainMenu.xib in Resources */ = {isa = PBXBuildFile; fileRef = AB1715F0222DDD54004F4068 /* MainMenu.xib */; };
		AB1715FE222DDD54004F4068 /* DashTests.swift in Sources */ = {isa = PBXBuildFile; fileRef = AB1715FD222DDD54004F4068 /* DashTests.swift */; };
		ABA414E522427FD1005C8493 /* PageView.swift in Sources */ = {isa = PBXBuildFile; fileRef = ABA414E422427FD1005C8493 /* PageView.swift */; };
		ABA414E72243CF55005C8493 /* SplitView.swift in Sources */ = {isa = PBXBuildFile; fileRef = ABA414E62243CF55005C8493 /* SplitView.swift */; };
		ABDD1BDB223924060029A56D /* Explore 3x.png in Resources */ = {isa = PBXBuildFile; fileRef = ABDD1BDA223924060029A56D /* Explore 3x.png */; };
		ABDD1BDD22392F550029A56D /* DashFileWrapper.swift in Sources */ = {isa = PBXBuildFile; fileRef = ABDD1BDC22392F550029A56D /* DashFileWrapper.swift */; };
		ABDD1BDF223936DF0029A56D /* DashWindowController.swift in Sources */ = {isa = PBXBuildFile; fileRef = ABDD1BDE223936DF0029A56D /* DashWindowController.swift */; };
		ABDD1BE122394BD10029A56D /* WebPageView.swift in Sources */ = {isa = PBXBuildFile; fileRef = ABDD1BE022394BD10029A56D /* WebPageView.swift */; };
/* End PBXBuildFile section */

/* Begin PBXContainerItemProxy section */
		AB1715FA222DDD54004F4068 /* PBXContainerItemProxy */ = {
			isa = PBXContainerItemProxy;
			containerPortal = AB1715DC222DDD51004F4068 /* Project object */;
			proxyType = 1;
			remoteGlobalIDString = AB1715E3222DDD51004F4068;
			remoteInfo = Dash;
		};
/* End PBXContainerItemProxy section */

/* Begin PBXFileReference section */
		AB1715E4222DDD52004F4068 /* Dash.app */ = {isa = PBXFileReference; explicitFileType = wrapper.application; includeInIndex = 0; path = Dash.app; sourceTree = BUILT_PRODUCTS_DIR; };
		AB1715E7222DDD52004F4068 /* AppDelegate.swift */ = {isa = PBXFileReference; lastKnownFileType = sourcecode.swift; path = AppDelegate.swift; sourceTree = "<group>"; };
		AB1715E9222DDD52004F4068 /* Document.swift */ = {isa = PBXFileReference; lastKnownFileType = sourcecode.swift; path = Document.swift; sourceTree = "<group>"; };
		AB1715EC222DDD52004F4068 /* Base */ = {isa = PBXFileReference; lastKnownFileType = file.xib; name = Base; path = Base.lproj/Document.xib; sourceTree = "<group>"; };
		AB1715EE222DDD54004F4068 /* Assets.xcassets */ = {isa = PBXFileReference; lastKnownFileType = folder.assetcatalog; path = Assets.xcassets; sourceTree = "<group>"; };
		AB1715F1222DDD54004F4068 /* Base */ = {isa = PBXFileReference; lastKnownFileType = file.xib; name = Base; path = Base.lproj/MainMenu.xib; sourceTree = "<group>"; };
		AB1715F3222DDD54004F4068 /* Info.plist */ = {isa = PBXFileReference; lastKnownFileType = text.plist.xml; path = Info.plist; sourceTree = "<group>"; };
		AB1715F4222DDD54004F4068 /* Dash.entitlements */ = {isa = PBXFileReference; lastKnownFileType = text.plist.entitlements; path = Dash.entitlements; sourceTree = "<group>"; };
		AB1715F9222DDD54004F4068 /* DashTests.xctest */ = {isa = PBXFileReference; explicitFileType = wrapper.cfbundle; includeInIndex = 0; path = DashTests.xctest; sourceTree = BUILT_PRODUCTS_DIR; };
		AB1715FD222DDD54004F4068 /* DashTests.swift */ = {isa = PBXFileReference; lastKnownFileType = sourcecode.swift; path = DashTests.swift; sourceTree = "<group>"; };
		AB1715FF222DDD54004F4068 /* Info.plist */ = {isa = PBXFileReference; lastKnownFileType = text.plist.xml; path = Info.plist; sourceTree = "<group>"; };
		ABA414E422427FD1005C8493 /* PageView.swift */ = {isa = PBXFileReference; lastKnownFileType = sourcecode.swift; path = PageView.swift; sourceTree = "<group>"; };
		ABA414E62243CF55005C8493 /* SplitView.swift */ = {isa = PBXFileReference; lastKnownFileType = sourcecode.swift; path = SplitView.swift; sourceTree = "<group>"; };
		ABDD1BDA223924060029A56D /* Explore 3x.png */ = {isa = PBXFileReference; lastKnownFileType = image.png; path = "Explore 3x.png"; sourceTree = "<group>"; };
		ABDD1BDC22392F550029A56D /* DashFileWrapper.swift */ = {isa = PBXFileReference; lastKnownFileType = sourcecode.swift; path = DashFileWrapper.swift; sourceTree = "<group>"; };
		ABDD1BDE223936DF0029A56D /* DashWindowController.swift */ = {isa = PBXFileReference; lastKnownFileType = sourcecode.swift; path = DashWindowController.swift; sourceTree = "<group>"; };
		ABDD1BE022394BD10029A56D /* WebPageView.swift */ = {isa = PBXFileReference; lastKnownFileType = sourcecode.swift; path = WebPageView.swift; sourceTree = "<group>"; };
/* End PBXFileReference section */

/* Begin PBXFrameworksBuildPhase section */
		AB1715E1222DDD51004F4068 /* Frameworks */ = {
			isa = PBXFrameworksBuildPhase;
			buildActionMask = 2147483647;
			files = (
			);
			runOnlyForDeploymentPostprocessing = 0;
		};
		AB1715F6222DDD54004F4068 /* Frameworks */ = {
			isa = PBXFrameworksBuildPhase;
			buildActionMask = 2147483647;
			files = (
			);
			runOnlyForDeploymentPostprocessing = 0;
		};
/* End PBXFrameworksBuildPhase section */

/* Begin PBXGroup section */
		AB1715DB222DDD51004F4068 = {
			isa = PBXGroup;
			children = (
				AB1715E6222DDD52004F4068 /* Dash */,
				AB1715FC222DDD54004F4068 /* DashTests */,
				AB1715E5222DDD52004F4068 /* Products */,
			);
			sourceTree = "<group>";
		};
		AB1715E5222DDD52004F4068 /* Products */ = {
			isa = PBXGroup;
			children = (
				AB1715E4222DDD52004F4068 /* Dash.app */,
				AB1715F9222DDD54004F4068 /* DashTests.xctest */,
			);
			name = Products;
			sourceTree = "<group>";
		};
		AB1715E6222DDD52004F4068 /* Dash */ = {
			isa = PBXGroup;
			children = (
				AB1715E7222DDD52004F4068 /* AppDelegate.swift */,
				AB1715E9222DDD52004F4068 /* Document.swift */,
				ABDD1BE022394BD10029A56D /* WebPageView.swift */,
				ABA414E422427FD1005C8493 /* PageView.swift */,
				ABA414E62243CF55005C8493 /* SplitView.swift */,
				ABDD1BDE223936DF0029A56D /* DashWindowController.swift */,
				ABDD1BDC22392F550029A56D /* DashFileWrapper.swift */,
				AB1715EB222DDD52004F4068 /* Document.xib */,
				AB1715EE222DDD54004F4068 /* Assets.xcassets */,
				ABDD1BDA223924060029A56D /* Explore 3x.png */,
				AB1715F0222DDD54004F4068 /* MainMenu.xib */,
				AB1715F3222DDD54004F4068 /* Info.plist */,
				AB1715F4222DDD54004F4068 /* Dash.entitlements */,
			);
			path = Dash;
			sourceTree = "<group>";
		};
		AB1715FC222DDD54004F4068 /* DashTests */ = {
			isa = PBXGroup;
			children = (
				AB1715FD222DDD54004F4068 /* DashTests.swift */,
				AB1715FF222DDD54004F4068 /* Info.plist */,
			);
			path = DashTests;
			sourceTree = "<group>";
		};
/* End PBXGroup section */

/* Begin PBXNativeTarget section */
		AB1715E3222DDD51004F4068 /* Dash */ = {
			isa = PBXNativeTarget;
			buildConfigurationList = AB171602222DDD54004F4068 /* Build configuration list for PBXNativeTarget "Dash" */;
			buildPhases = (
				AB1715E0222DDD51004F4068 /* Sources */,
				AB1715E1222DDD51004F4068 /* Frameworks */,
				AB1715E2222DDD51004F4068 /* Resources */,
			);
			buildRules = (
			);
			dependencies = (
			);
			name = Dash;
			productName = Dash;
			productReference = AB1715E4222DDD52004F4068 /* Dash.app */;
			productType = "com.apple.product-type.application";
		};
		AB1715F8222DDD54004F4068 /* DashTests */ = {
			isa = PBXNativeTarget;
			buildConfigurationList = AB171605222DDD54004F4068 /* Build configuration list for PBXNativeTarget "DashTests" */;
			buildPhases = (
				AB1715F5222DDD54004F4068 /* Sources */,
				AB1715F6222DDD54004F4068 /* Frameworks */,
				AB1715F7222DDD54004F4068 /* Resources */,
			);
			buildRules = (
			);
			dependencies = (
				AB1715FB222DDD54004F4068 /* PBXTargetDependency */,
			);
			name = DashTests;
			productName = DashTests;
			productReference = AB1715F9222DDD54004F4068 /* DashTests.xctest */;
			productType = "com.apple.product-type.bundle.unit-test";
		};
/* End PBXNativeTarget section */

/* Begin PBXProject section */
		AB1715DC222DDD51004F4068 /* Project object */ = {
			isa = PBXProject;
			attributes = {
				LastSwiftUpdateCheck = 1010;
				LastUpgradeCheck = 1010;
				ORGANIZATIONNAME = jonathan;
				TargetAttributes = {
					AB1715E3222DDD51004F4068 = {
						CreatedOnToolsVersion = 10.1;
						SystemCapabilities = {
							com.apple.HardenedRuntime = {
								enabled = 1;
							};
							com.apple.Sandbox = {
								enabled = 1;
							};
						};
					};
					AB1715F8222DDD54004F4068 = {
						CreatedOnToolsVersion = 10.1;
						TestTargetID = AB1715E3222DDD51004F4068;
					};
				};
			};
			buildConfigurationList = AB1715DF222DDD51004F4068 /* Build configuration list for PBXProject "Dash" */;
			compatibilityVersion = "Xcode 9.3";
			developmentRegion = en;
			hasScannedForEncodings = 0;
			knownRegions = (
				en,
				Base,
			);
			mainGroup = AB1715DB222DDD51004F4068;
			productRefGroup = AB1715E5222DDD52004F4068 /* Products */;
			projectDirPath = "";
			projectRoot = "";
			targets = (
				AB1715E3222DDD51004F4068 /* Dash */,
				AB1715F8222DDD54004F4068 /* DashTests */,
			);
		};
/* End PBXProject section */

/* Begin PBXResourcesBuildPhase section */
		AB1715E2222DDD51004F4068 /* Resources */ = {
			isa = PBXResourcesBuildPhase;
			buildActionMask = 2147483647;
			files = (
				AB1715EF222DDD54004F4068 /* Assets.xcassets in Resources */,
				AB1715ED222DDD52004F4068 /* Document.xib in Resources */,
				AB1715F2222DDD54004F4068 /* MainMenu.xib in Resources */,
				ABDD1BDB223924060029A56D /* Explore 3x.png in Resources */,
			);
			runOnlyForDeploymentPostprocessing = 0;
		};
		AB1715F7222DDD54004F4068 /* Resources */ = {
			isa = PBXResourcesBuildPhase;
			buildActionMask = 2147483647;
			files = (
			);
			runOnlyForDeploymentPostprocessing = 0;
		};
/* End PBXResourcesBuildPhase section */

/* Begin PBXSourcesBuildPhase section */
		AB1715E0222DDD51004F4068 /* Sources */ = {
			isa = PBXSourcesBuildPhase;
			buildActionMask = 2147483647;
			files = (
				AB1715EA222DDD52004F4068 /* Document.swift in Sources */,
				ABA414E72243CF55005C8493 /* SplitView.swift in Sources */,
				ABA414E522427FD1005C8493 /* PageView.swift in Sources */,
				ABDD1BDF223936DF0029A56D /* DashWindowController.swift in Sources */,
				ABDD1BE122394BD10029A56D /* WebPageView.swift in Sources */,
				AB1715E8222DDD52004F4068 /* AppDelegate.swift in Sources */,
				ABDD1BDD22392F550029A56D /* DashFileWrapper.swift in Sources */,
			);
			runOnlyForDeploymentPostprocessing = 0;
		};
		AB1715F5222DDD54004F4068 /* Sources */ = {
			isa = PBXSourcesBuildPhase;
			buildActionMask = 2147483647;
			files = (
				AB1715FE222DDD54004F4068 /* DashTests.swift in Sources */,
			);
			runOnlyForDeploymentPostprocessing = 0;
		};
/* End PBXSourcesBuildPhase section */

/* Begin PBXTargetDependency section */
		AB1715FB222DDD54004F4068 /* PBXTargetDependency */ = {
			isa = PBXTargetDependency;
			target = AB1715E3222DDD51004F4068 /* Dash */;
			targetProxy = AB1715FA222DDD54004F4068 /* PBXContainerItemProxy */;
		};
/* End PBXTargetDependency section */

/* Begin PBXVariantGroup section */
		AB1715EB222DDD52004F4068 /* Document.xib */ = {
			isa = PBXVariantGroup;
			children = (
				AB1715EC222DDD52004F4068 /* Base */,
			);
			name = Document.xib;
			sourceTree = "<group>";
		};
		AB1715F0222DDD54004F4068 /* MainMenu.xib */ = {
			isa = PBXVariantGroup;
			children = (
				AB1715F1222DDD54004F4068 /* Base */,
			);
			name = MainMenu.xib;
			sourceTree = "<group>";
		};
/* End PBXVariantGroup section */

/* Begin XCBuildConfiguration section */
		AB171600222DDD54004F4068 /* Debug */ = {
			isa = XCBuildConfiguration;
			buildSettings = {
				ALWAYS_SEARCH_USER_PATHS = NO;
				CLANG_ANALYZER_NONNULL = YES;
				CLANG_ANALYZER_NUMBER_OBJECT_CONVERSION = YES_AGGRESSIVE;
				CLANG_CXX_LANGUAGE_STANDARD = "gnu++14";
				CLANG_CXX_LIBRARY = "libc++";
				CLANG_ENABLE_MODULES = YES;
				CLANG_ENABLE_OBJC_ARC = YES;
				CLANG_ENABLE_OBJC_WEAK = YES;
				CLANG_WARN_BLOCK_CAPTURE_AUTORELEASING = YES;
				CLANG_WARN_BOOL_CONVERSION = YES;
				CLANG_WARN_COMMA = YES;
				CLANG_WARN_CONSTANT_CONVERSION = YES;
				CLANG_WARN_DEPRECATED_OBJC_IMPLEMENTATIONS = YES;
				CLANG_WARN_DIRECT_OBJC_ISA_USAGE = YES_ERROR;
				CLANG_WARN_DOCUMENTATION_COMMENTS = YES;
				CLANG_WARN_EMPTY_BODY = YES;
				CLANG_WARN_ENUM_CONVERSION = YES;
				CLANG_WARN_INFINITE_RECURSION = YES;
				CLANG_WARN_INT_CONVERSION = YES;
				CLANG_WARN_NON_LITERAL_NULL_CONVERSION = YES;
				CLANG_WARN_OBJC_IMPLICIT_RETAIN_SELF = YES;
				CLANG_WARN_OBJC_LITERAL_CONVERSION = YES;
				CLANG_WARN_OBJC_ROOT_CLASS = YES_ERROR;
				CLANG_WARN_RANGE_LOOP_ANALYSIS = YES;
				CLANG_WARN_STRICT_PROTOTYPES = YES;
				CLANG_WARN_SUSPICIOUS_MOVE = YES;
				CLANG_WARN_UNGUARDED_AVAILABILITY = YES_AGGRESSIVE;
				CLANG_WARN_UNREACHABLE_CODE = YES;
				CLANG_WARN__DUPLICATE_METHOD_MATCH = YES;
				CODE_SIGN_IDENTITY = "Mac Developer";
				COPY_PHASE_STRIP = NO;
				DEBUG_INFORMATION_FORMAT = dwarf;
				ENABLE_STRICT_OBJC_MSGSEND = YES;
				ENABLE_TESTABILITY = YES;
				GCC_C_LANGUAGE_STANDARD = gnu11;
				GCC_DYNAMIC_NO_PIC = NO;
				GCC_NO_COMMON_BLOCKS = YES;
				GCC_OPTIMIZATION_LEVEL = 0;
				GCC_PREPROCESSOR_DEFINITIONS = (
					"DEBUG=1",
					"$(inherited)",
				);
				GCC_WARN_64_TO_32_BIT_CONVERSION = YES;
				GCC_WARN_ABOUT_RETURN_TYPE = YES_ERROR;
				GCC_WARN_UNDECLARED_SELECTOR = YES;
				GCC_WARN_UNINITIALIZED_AUTOS = YES_AGGRESSIVE;
				GCC_WARN_UNUSED_FUNCTION = YES;
				GCC_WARN_UNUSED_VARIABLE = YES;
				MACOSX_DEPLOYMENT_TARGET = 10.14;
				MTL_ENABLE_DEBUG_INFO = INCLUDE_SOURCE;
				MTL_FAST_MATH = YES;
				ONLY_ACTIVE_ARCH = YES;
				SDKROOT = macosx;
				SWIFT_ACTIVE_COMPILATION_CONDITIONS = DEBUG;
				SWIFT_OPTIMIZATION_LEVEL = "-Onone";
			};
			name = Debug;
		};
		AB171601222DDD54004F4068 /* Release */ = {
			isa = XCBuildConfiguration;
			buildSettings = {
				ALWAYS_SEARCH_USER_PATHS = NO;
				CLANG_ANALYZER_NONNULL = YES;
				CLANG_ANALYZER_NUMBER_OBJECT_CONVERSION = YES_AGGRESSIVE;
				CLANG_CXX_LANGUAGE_STANDARD = "gnu++14";
				CLANG_CXX_LIBRARY = "libc++";
				CLANG_ENABLE_MODULES = YES;
				CLANG_ENABLE_OBJC_ARC = YES;
				CLANG_ENABLE_OBJC_WEAK = YES;
				CLANG_WARN_BLOCK_CAPTURE_AUTORELEASING = YES;
				CLANG_WARN_BOOL_CONVERSION = YES;
				CLANG_WARN_COMMA = YES;
				CLANG_WARN_CONSTANT_CONVERSION = YES;
				CLANG_WARN_DEPRECATED_OBJC_IMPLEMENTATIONS = YES;
				CLANG_WARN_DIRECT_OBJC_ISA_USAGE = YES_ERROR;
				CLANG_WARN_DOCUMENTATION_COMMENTS = YES;
				CLANG_WARN_EMPTY_BODY = YES;
				CLANG_WARN_ENUM_CONVERSION = YES;
				CLANG_WARN_INFINITE_RECURSION = YES;
				CLANG_WARN_INT_CONVERSION = YES;
				CLANG_WARN_NON_LITERAL_NULL_CONVERSION = YES;
				CLANG_WARN_OBJC_IMPLICIT_RETAIN_SELF = YES;
				CLANG_WARN_OBJC_LITERAL_CONVERSION = YES;
				CLANG_WARN_OBJC_ROOT_CLASS = YES_ERROR;
				CLANG_WARN_RANGE_LOOP_ANALYSIS = YES;
				CLANG_WARN_STRICT_PROTOTYPES = YES;
				CLANG_WARN_SUSPICIOUS_MOVE = YES;
				CLANG_WARN_UNGUARDED_AVAILABILITY = YES_AGGRESSIVE;
				CLANG_WARN_UNREACHABLE_CODE = YES;
				CLANG_WARN__DUPLICATE_METHOD_MATCH = YES;
				CODE_SIGN_IDENTITY = "Mac Developer";
				COPY_PHASE_STRIP = NO;
				DEBUG_INFORMATION_FORMAT = "dwarf-with-dsym";
				ENABLE_NS_ASSERTIONS = NO;
				ENABLE_STRICT_OBJC_MSGSEND = YES;
				GCC_C_LANGUAGE_STANDARD = gnu11;
				GCC_NO_COMMON_BLOCKS = YES;
				GCC_WARN_64_TO_32_BIT_CONVERSION = YES;
				GCC_WARN_ABOUT_RETURN_TYPE = YES_ERROR;
				GCC_WARN_UNDECLARED_SELECTOR = YES;
				GCC_WARN_UNINITIALIZED_AUTOS = YES_AGGRESSIVE;
				GCC_WARN_UNUSED_FUNCTION = YES;
				GCC_WARN_UNUSED_VARIABLE = YES;
				MACOSX_DEPLOYMENT_TARGET = 10.14;
				MTL_ENABLE_DEBUG_INFO = NO;
				MTL_FAST_MATH = YES;
				SDKROOT = macosx;
				SWIFT_COMPILATION_MODE = wholemodule;
				SWIFT_OPTIMIZATION_LEVEL = "-O";
			};
			name = Release;
		};
		AB171603222DDD54004F4068 /* Debug */ = {
			isa = XCBuildConfiguration;
			buildSettings = {
				ASSETCATALOG_COMPILER_APPICON_NAME = AppIcon;
				CODE_SIGN_ENTITLEMENTS = Dash/Dash.entitlements;
				CODE_SIGN_STYLE = Automatic;
				COMBINE_HIDPI_IMAGES = YES;
				DEVELOPMENT_TEAM = KFV4UJPT4J;
				ENABLE_HARDENED_RUNTIME = YES;
				INFOPLIST_FILE = Dash/Info.plist;
				LD_RUNPATH_SEARCH_PATHS = (
					"$(inherited)",
					"@executable_path/../Frameworks",
				);
				MACOSX_DEPLOYMENT_TARGET = 10.13;
				PRODUCT_BUNDLE_IDENTIFIER = co.uk.jonathanb.Dash;
				PRODUCT_NAME = "$(TARGET_NAME)";
				SWIFT_VERSION = 4.2;
			};
			name = Debug;
		};
		AB171604222DDD54004F4068 /* Release */ = {
			isa = XCBuildConfiguration;
			buildSettings = {
				ASSETCATALOG_COMPILER_APPICON_NAME = AppIcon;
				CODE_SIGN_ENTITLEMENTS = Dash/Dash.entitlements;
				CODE_SIGN_STYLE = Automatic;
				COMBINE_HIDPI_IMAGES = YES;
				DEVELOPMENT_TEAM = KFV4UJPT4J;
				ENABLE_HARDENED_RUNTIME = YES;
				INFOPLIST_FILE = Dash/Info.plist;
				LD_RUNPATH_SEARCH_PATHS = (
					"$(inherited)",
					"@executable_path/../Frameworks",
				);
				MACOSX_DEPLOYMENT_TARGET = 10.13;
				PRODUCT_BUNDLE_IDENTIFIER = co.uk.jonathanb.Dash;
				PRODUCT_NAME = "$(TARGET_NAME)";
				SWIFT_VERSION = 4.2;
			};
			name = Release;
		};
		AB171606222DDD54004F4068 /* Debug */ = {
			isa = XCBuildConfiguration;
			buildSettings = {
				ALWAYS_EMBED_SWIFT_STANDARD_LIBRARIES = YES;
				BUNDLE_LOADER = "$(TEST_HOST)";
				CODE_SIGN_STYLE = Automatic;
				COMBINE_HIDPI_IMAGES = YES;
				DEVELOPMENT_TEAM = KFV4UJPT4J;
				INFOPLIST_FILE = DashTests/Info.plist;
				LD_RUNPATH_SEARCH_PATHS = (
					"$(inherited)",
					"@executable_path/../Frameworks",
					"@loader_path/../Frameworks",
				);
				PRODUCT_BUNDLE_IDENTIFIER = co.uk.jonathanb.DashTests;
				PRODUCT_NAME = "$(TARGET_NAME)";
				SWIFT_VERSION = 4.2;
				TEST_HOST = "$(BUILT_PRODUCTS_DIR)/Dash.app/Contents/MacOS/Dash";
			};
			name = Debug;
		};
		AB171607222DDD54004F4068 /* Release */ = {
			isa = XCBuildConfiguration;
			buildSettings = {
				ALWAYS_EMBED_SWIFT_STANDARD_LIBRARIES = YES;
				BUNDLE_LOADER = "$(TEST_HOST)";
				CODE_SIGN_STYLE = Automatic;
				COMBINE_HIDPI_IMAGES = YES;
				DEVELOPMENT_TEAM = KFV4UJPT4J;
				INFOPLIST_FILE = DashTests/Info.plist;
				LD_RUNPATH_SEARCH_PATHS = (
					"$(inherited)",
					"@executable_path/../Frameworks",
					"@loader_path/../Frameworks",
				);
				PRODUCT_BUNDLE_IDENTIFIER = co.uk.jonathanb.DashTests;
				PRODUCT_NAME = "$(TARGET_NAME)";
				SWIFT_VERSION = 4.2;
				TEST_HOST = "$(BUILT_PRODUCTS_DIR)/Dash.app/Contents/MacOS/Dash";
			};
			name = Release;
		};
/* End XCBuildConfiguration section */

/* Begin XCConfigurationList section */
		AB1715DF222DDD51004F4068 /* Build configuration list for PBXProject "Dash" */ = {
			isa = XCConfigurationList;
			buildConfigurations = (
				AB171600222DDD54004F4068 /* Debug */,
				AB171601222DDD54004F4068 /* Release */,
			);
			defaultConfigurationIsVisible = 0;
			defaultConfigurationName = Release;
		};
		AB171602222DDD54004F4068 /* Build configuration list for PBXNativeTarget "Dash" */ = {
			isa = XCConfigurationList;
			buildConfigurations = (
				AB171603222DDD54004F4068 /* Debug */,
				AB171604222DDD54004F4068 /* Release */,
			);
			defaultConfigurationIsVisible = 0;
			defaultConfigurationName = Release;
		};
		AB171605222DDD54004F4068 /* Build configuration list for PBXNativeTarget "DashTests" */ = {
			isa = XCConfigurationList;
			buildConfigurations = (
				AB171606222DDD54004F4068 /* Debug */,
				AB171607222DDD54004F4068 /* Release */,
			);
			defaultConfigurationIsVisible = 0;
			defaultConfigurationName = Release;
		};
/* End XCConfigurationList section */
	};
	rootObject = AB1715DC222DDD51004F4068 /* Project object */;
}
